
Microsoft Visual Studio Solution File, Format Version 12.00
# Visual Studio Version 16
VisualStudioVersion = 16.0.31025.194
MinimumVisualStudioVersion = 10.0.40219.1
Project("{FAE04EC0-301F-11D3-BF4B-00C04F79EFBC}") = "ExchangeSystem", "ExchangeSystem\ExchangeSystem.csproj", "{9E2E1F1C-6DF8-414D-8EAD-B074E13CCB95}"
EndProject
Global
	GlobalSection(SolutionConfigurationPlatforms) = preSolution
		Debug|Any CPU = Debug|Any CPU
		Release|Any CPU = Release|Any CPU
	EndGlobalSection
	GlobalSection(ProjectConfigurationPlatforms) = postSolution
		{9E2E1F1C-6DF8-414D-8EAD-B074E13CCB95}.Debug|Any CPU.ActiveCfg = Debug|Any CPU
		{9E2E1F1C-6DF8-414D-8EAD-B074E13CCB95}.Debug|Any CPU.Build.0 = Debug|Any CPU
		{9E2E1F1C-6DF8-414D-8EAD-B074E13CCB95}.Release|Any CPU.ActiveCfg = Release|Any CPU
		{9E2E1F1C-6DF8-414D-8EAD-B074E13CCB95}.Release|Any CPU.Build.0 = Release|Any CPU
	EndGlobalSection
	GlobalSection(SolutionProperties) = preSolution
		HideSolutionNode = FALSE
	EndGlobalSection
	GlobalSection(ExtensibilityGlobals) = postSolution
		SolutionGuid = {EB268145-4AAC-4700-8D51-CF87E53B3AEA}
	EndGlobalSection
EndGlobal
